
Microsoft Visual Studio Solution File, Format Version 12.00
# Visual Studio 15
VisualStudioVersion = 15.0.26124.0
MinimumVisualStudioVersion = 15.0.26124.0
Project("{2150E333-8FDC-42A3-9474-1A3956D46DE8}") = "src", "src", "{EE445369-904E-4279-8250-60C073131E0F}"
EndProject
Project("{FAE04EC0-301F-11D3-BF4B-00C04F79EFBC}") = "CommandAPI", "src\CommandAPI\CommandAPI.csproj", "{447C3891-B3A7-45EE-A816-E92F8DF1FD1D}"
EndProject
Project("{2150E333-8FDC-42A3-9474-1A3956D46DE8}") = "test", "test", "{394F14CD-33F9-47BF-91ED-794CE06F8275}"
EndProject
Project("{FAE04EC0-301F-11D3-BF4B-00C04F79EFBC}") = "CommandAPI.Tests", "test\CommandAPI.Tests\CommandAPI.Tests.csproj", "{E99A2205-F88C-498E-9F31-1ABF40FFAB45}"
EndProject
Global
	GlobalSection(SolutionConfigurationPlatforms) = preSolution
		Debug|Any CPU = Debug|Any CPU
		Debug|x64 = Debug|x64
		Debug|x86 = Debug|x86
		Release|Any CPU = Release|Any CPU
		Release|x64 = Release|x64
		Release|x86 = Release|x86
	EndGlobalSection
	GlobalSection(SolutionProperties) = preSolution
		HideSolutionNode = FALSE
	EndGlobalSection
	GlobalSection(ProjectConfigurationPlatforms) = postSolution
		{447C3891-B3A7-45EE-A816-E92F8DF1FD1D}.Debug|Any CPU.ActiveCfg = Debug|Any CPU
		{447C3891-B3A7-45EE-A816-E92F8DF1FD1D}.Debug|Any CPU.Build.0 = Debug|Any CPU
		{447C3891-B3A7-45EE-A816-E92F8DF1FD1D}.Debug|x64.ActiveCfg = Debug|Any CPU
		{447C3891-B3A7-45EE-A816-E92F8DF1FD1D}.Debug|x64.Build.0 = Debug|Any CPU
		{447C3891-B3A7-45EE-A816-E92F8DF1FD1D}.Debug|x86.ActiveCfg = Debug|Any CPU
		{447C3891-B3A7-45EE-A816-E92F8DF1FD1D}.Debug|x86.Build.0 = Debug|Any CPU
		{447C3891-B3A7-45EE-A816-E92F8DF1FD1D}.Release|Any CPU.ActiveCfg = Release|Any CPU
		{447C3891-B3A7-45EE-A816-E92F8DF1FD1D}.Release|Any CPU.Build.0 = Release|Any CPU
		{447C3891-B3A7-45EE-A816-E92F8DF1FD1D}.Release|x64.ActiveCfg = Release|Any CPU
		{447C3891-B3A7-45EE-A816-E92F8DF1FD1D}.Release|x64.Build.0 = Release|Any CPU
		{447C3891-B3A7-45EE-A816-E92F8DF1FD1D}.Release|x86.ActiveCfg = Release|Any CPU
		{447C3891-B3A7-45EE-A816-E92F8DF1FD1D}.Release|x86.Build.0 = Release|Any CPU
		{E99A2205-F88C-498E-9F31-1ABF40FFAB45}.Debug|Any CPU.ActiveCfg = Debug|Any CPU
		{E99A2205-F88C-498E-9F31-1ABF40FFAB45}.Debug|Any CPU.Build.0 = Debug|Any CPU
		{E99A2205-F88C-498E-9F31-1ABF40FFAB45}.Debug|x64.ActiveCfg = Debug|Any CPU
		{E99A2205-F88C-498E-9F31-1ABF40FFAB45}.Debug|x64.Build.0 = Debug|Any CPU
		{E99A2205-F88C-498E-9F31-1ABF40FFAB45}.Debug|x86.ActiveCfg = Debug|Any CPU
		{E99A2205-F88C-498E-9F31-1ABF40FFAB45}.Debug|x86.Build.0 = Debug|Any CPU
		{E99A2205-F88C-498E-9F31-1ABF40FFAB45}.Release|Any CPU.ActiveCfg = Release|Any CPU
		{E99A2205-F88C-498E-9F31-1ABF40FFAB45}.Release|Any CPU.Build.0 = Release|Any CPU
		{E99A2205-F88C-498E-9F31-1ABF40FFAB45}.Release|x64.ActiveCfg = Release|Any CPU
		{E99A2205-F88C-498E-9F31-1ABF40FFAB45}.Release|x64.Build.0 = Release|Any CPU
		{E99A2205-F88C-498E-9F31-1ABF40FFAB45}.Release|x86.ActiveCfg = Release|Any CPU
		{E99A2205-F88C-498E-9F31-1ABF40FFAB45}.Release|x86.Build.0 = Release|Any CPU
	EndGlobalSection
	GlobalSection(NestedProjects) = preSolution
		{447C3891-B3A7-45EE-A816-E92F8DF1FD1D} = {EE445369-904E-4279-8250-60C073131E0F}
		{E99A2205-F88C-498E-9F31-1ABF40FFAB45} = {394F14CD-33F9-47BF-91ED-794CE06F8275}
	EndGlobalSection
EndGlobal
